<?xml version="1.0" encoding="utf-8"?>
<Project xmlns="http://schemas.microsoft.com/developer/msbuild/2003">
  <ItemGroup>
    <Filter Include="Form Files">
      <UniqueIdentifier>{99349809-55BA-4b9d-BF79-8FDBB0286EB3}</UniqueIdentifier>
      <Extensions>ui</Extensions>
      <ParseFiles>false</ParseFiles>
    </Filter>
    <Filter Include="Form Files">
      <UniqueIdentifier>{99349809-55BA-4b9d-BF79-8FDBB0286EB3}</UniqueIdentifier>
      <Extensions>ui</Extensions>
      <ParseFiles>false</ParseFiles>
    </Filter>
    <Filter Include="Generated Files">
      <UniqueIdentifier>{71ED8ED8-ACB9-4CE9-BBE1-E00B30144E11}</UniqueIdentifier>
      <Extensions>cpp;c;cxx;moc;h;def;odl;idl;res;</Extensions>
    </Filter>
    <Filter Include="Generated Files">
      <UniqueIdentifier>{71ED8ED8-ACB9-4CE9-BBE1-E00B30144E11}</UniqueIdentifier>
      <Extensions>cpp;c;cxx;moc;h;def;odl;idl;res;</Extensions>
    </Filter>
    <Filter Include="Header Files">
      <UniqueIdentifier>{93995380-89BD-4b04-88EB-625FBE52EBFB}</UniqueIdentifier>
      <Extensions>h;hpp;hxx;hm;inl;inc;xsd</Extensions>
    </Filter>
    <Filter Include="Header Files">
      <UniqueIdentifier>{93995380-89BD-4b04-88EB-625FBE52EBFB}</UniqueIdentifier>
      <Extensions>h;hpp;hxx;hm;inl;inc;xsd</Extensions>
    </Filter>
    <Filter Include="Resource Files">
      <UniqueIdentifier>{D9D6E242-F8AF-46E4-B9FD-80ECBC20BA3E}</UniqueIdentifier>
      <Extensions>qrc;*</Extensions>
      <ParseFiles>false</ParseFiles>
    </Filter>
    <Filter Include="Resource Files">
      <UniqueIdentifier>{D9D6E242-F8AF-46E4-B9FD-80ECBC20BA3E}</UniqueIdentifier>
      <Extensions>qrc;*</Extensions>
      <ParseFiles>false</ParseFiles>
    </Filter>
    <Filter Include="Source Files">
      <UniqueIdentifier>{4FC737F1-C7A5-4376-A066-2A32D752A2FF}</UniqueIdentifier>
      <Extensions>cpp;c;cxx;def;odl;idl;hpj;bat;asm;asmx</Extensions>
    </Filter>
    <Filter Include="Source Files">
      <UniqueIdentifier>{4FC737F1-C7A5-4376-A066-2A32D752A2FF}</UniqueIdentifier>
      <Extensions>cpp;c;cxx;def;odl;idl;hpj;bat;asm;asmx</Extensions>
    </Filter>
  </ItemGroup>
  <ItemGroup>
    <ClCompile Include="src\account.cpp">
      <Filter>Source Files</Filter>
    </ClCompile>
    <ClCompile Include="src\addaccountdialog.cpp">
      <Filter>Source Files</Filter>
    </ClCompile>
    <ClCompile Include="src\addprofileaccountDialog.cpp">
      <Filter>Source Files</Filter>
    </ClCompile>
    <ClCompile Include="src\addprofiledialog.cpp">
      <Filter>Source Files</Filter>
    </ClCompile>
    <ClCompile Include="src\blackbox.cpp">
      <Filter>Source Files</Filter>
    </ClCompile>
    <ClCompile Include="src\captchadialog.cpp">
      <Filter>Source Files</Filter>
    </ClCompile>
    <ClCompile Include="src\captchasolver.cpp">
      <Filter>Source Files</Filter>
    </ClCompile>
    <ClCompile Include="src\fingerprint.cpp">
      <Filter>Source Files</Filter>
    </ClCompile>
    <ClCompile Include="src\gflessclient.cpp">
      <Filter>Source Files</Filter>
    </ClCompile>
    <ClCompile Include="src\identity.cpp">
      <Filter>Source Files</Filter>
    </ClCompile>
    <ClCompile Include="src\identitydialog.cpp">
      <Filter>Source Files</Filter>
    </ClCompile>
    <ClCompile Include="src\main.cpp">
      <Filter>Source Files</Filter>
    </ClCompile>
    <ClCompile Include="src\mainwindow.cpp">
      <Filter>Source Files</Filter>
    </ClCompile>
    <ClCompile Include="src\nostaleauth.cpp">
      <Filter>Source Files</Filter>
    </ClCompile>
    <ClCompile Include="src\profile.cpp">
      <Filter>Source Files</Filter>
    </ClCompile>
    <ClCompile Include="src\settingsdialog.cpp">
      <Filter>Source Files</Filter>
    </ClCompile>
    <ClCompile Include="src\syncnetworkaccessmanager.cpp">
      <Filter>Source Files</Filter>
    </ClCompile>
  </ItemGroup>
  <ItemGroup>
    <QtMoc Include="src\account.h">
      <Filter>Header Files</Filter>
    </QtMoc>
    <QtMoc Include="src\addaccountdialog.h">
      <Filter>Header Files</Filter>
    </QtMoc>
    <QtMoc Include="src\addprofileaccountdialog.h">
      <Filter>Header Files</Filter>
    </QtMoc>
    <QtMoc Include="src\addprofiledialog.h">
      <Filter>Header Files</Filter>
    </QtMoc>
    <ClInclude Include="src\blackbox.h">
      <Filter>Header Files</Filter>
    </ClInclude>
    <QtMoc Include="src\captchadialog.h">
      <Filter>Header Files</Filter>
    </QtMoc>
    <QtMoc Include="src\captchasolver.h">
      <Filter>Header Files</Filter>
    </QtMoc>
    <ClInclude Include="src\fingerprint.h">
      <Filter>Header Files</Filter>
    </ClInclude>
    <QtMoc Include="src\gflessclient.h">
      <Filter>Header Files</Filter>
    </QtMoc>
    <ClInclude Include="src\identity.h">
      <Filter>Header Files</Filter>
    </ClInclude>
    <QtMoc Include="src\identitydialog.h">
      <Filter>Header Files</Filter>
    </QtMoc>
    <ClInclude Include="src\injector.h">
      <Filter>Header Files</Filter>
    </ClInclude>
    <QtMoc Include="src\mainwindow.h">
      <Filter>Header Files</Filter>
    </QtMoc>
    <QtMoc Include="src\nostaleauth.h">
      <Filter>Header Files</Filter>
    </QtMoc>
    <ClInclude Include="src\processchecker.h">
      <Filter>Header Files</Filter>
    </ClInclude>
    <QtMoc Include="src\profile.h">
      <Filter>Header Files</Filter>
    </QtMoc>
    <QtMoc Include="src\settingsdialog.h">
      <Filter>Header Files</Filter>
    </QtMoc>
    <QtMoc Include="src\syncnetworkaccessmanager.h">
      <Filter>Header Files</Filter>
    </QtMoc>
  </ItemGroup>
  <ItemGroup>
    <CustomBuild Include="debug\moc_predefs.h.cbt">
      <Filter>Generated Files</Filter>
    </CustomBuild>
    <CustomBuild Include="release\moc_predefs.h.cbt">
      <Filter>Generated Files</Filter>
    </CustomBuild>
  </ItemGroup>
  <ItemGroup>
    <QtUic Include="src\addaccountdialog.ui">
      <Filter>Form Files</Filter>
    </QtUic>
    <QtUic Include="src\addprofileaccountdialog.ui">
      <Filter>Form Files</Filter>
    </QtUic>
    <QtUic Include="src\addprofiledialog.ui">
      <Filter>Form Files</Filter>
    </QtUic>
    <QtUic Include="src\captchadialog.ui">
      <Filter>Form Files</Filter>
    </QtUic>
    <QtUic Include="src\identitydialog.ui">
      <Filter>Form Files</Filter>
    </QtUic>
    <QtUic Include="src\mainwindow.ui">
      <Filter>Form Files</Filter>
    </QtUic>
    <QtUic Include="src\settingsdialog.ui">
      <Filter>Form Files</Filter>
    </QtUic>
  </ItemGroup>
  <ItemGroup>
    <None Include="resources\all_certs.pem">
      <Filter>Resource Files</Filter>
    </None>
    <None Include="resources\gfless_icon.png">
      <Filter>Resource Files</Filter>
    </None>
    <None Include="resources\new_cert.pem">
      <Filter>Resource Files</Filter>
    </None>
    <QtRcc Include="resources.qrc">
      <Filter>Resource Files</Filter>
    </QtRcc>
    <None Include="resources\settings_icon.png">
      <Filter>Resource Files</Filter>
    </None>
  </ItemGroup>
  <ItemGroup>
    <ResourceCompile Include=".\GflessClient_resource.rc" />
  </ItemGroup>
</Project>